
Microsoft Visual Studio Solution File, Format Version 12.00
# Visual Studio Version 17
VisualStudioVersion = 17.0.31903.59
MinimumVisualStudioVersion = 10.0.40219.1
Project("{FAE04EC0-301F-11D3-BF4B-00C04F79EFBC}") = "IETF_RFC4180_CSVReader", "IETF_RFC4180_CSVReader\IETF_RFC4180_CSVReader.csproj", "{430FC27B-03F4-429D-975B-F729577019AD}"
EndProject
Project("{FAE04EC0-301F-11D3-BF4B-00C04F79EFBC}") = "IETF_RFC4180_CSVWriter", "IETF_RFC4180_CSVWriter\IETF_RFC4180_CSVWriter.csproj", "{46DB7563-1C89-4DE1-8DDF-176BE595282C}"
EndProject
Global
	GlobalSection(SolutionConfigurationPlatforms) = preSolution
		Debug|Any CPU = Debug|Any CPU
		Release|Any CPU = Release|Any CPU
	EndGlobalSection
	GlobalSection(SolutionProperties) = preSolution
		HideSolutionNode = FALSE
	EndGlobalSection
	GlobalSection(ProjectConfigurationPlatforms) = postSolution
		{430FC27B-03F4-429D-975B-F729577019AD}.Debug|Any CPU.ActiveCfg = Debug|Any CPU
		{430FC27B-03F4-429D-975B-F729577019AD}.Debug|Any CPU.Build.0 = Debug|Any CPU
		{430FC27B-03F4-429D-975B-F729577019AD}.Release|Any CPU.ActiveCfg = Release|Any CPU
		{430FC27B-03F4-429D-975B-F729577019AD}.Release|Any CPU.Build.0 = Release|Any CPU
		{46DB7563-1C89-4DE1-8DDF-176BE595282C}.Debug|Any CPU.ActiveCfg = Debug|Any CPU
		{46DB7563-1C89-4DE1-8DDF-176BE595282C}.Debug|Any CPU.Build.0 = Debug|Any CPU
		{46DB7563-1C89-4DE1-8DDF-176BE595282C}.Release|Any CPU.ActiveCfg = Release|Any CPU
		{46DB7563-1C89-4DE1-8DDF-176BE595282C}.Release|Any CPU.Build.0 = Release|Any CPU
	EndGlobalSection
EndGlobal
